github.com/paulidealiste/ErroneusDilletante v0.0.0-20220218194254-09843cd9d15f h1:EPEKajwKbdCUY4hc6xOkPOx0r9xYDwJwhN/s5SXAiqc=
github.com/paulidealiste/ErroneusDilletante v0.0.0-20220218194254-09843cd9d15f/go.mod h1:IjcBnGj2WNrgD3PzlXUrcN8fKOqctCch32LvWpqzuj0=
go.etcd.io/bbolt v1.3.6 h1:/ecaJf0sk1l4l6V4awd65v2C3ILy7MSj+s/x1ADCIMU=
go.etcd.io/bbolt v1.3.6/go.mod h1:qXsaaIqmgQH0T+OPdb99Bf+PKfBBQVAdyD6TY9G8XM4=
golang.org/x/sys v0.0.0-20200923182605-d9f96fdee20d h1:L/IKR6COd7ubZrs2oTnTi73IhgqJ71c9s80WsQnh0Es=
golang.org/x/sys v0.0.0-20200923182605-d9f96fdee20d/go.mod h1:h1NjWce9XRLGQEsW7wpKNCjG9DtNlClVuFLEZdDNbEs=
